# This file is automatically @generated by Cargo.
# It is not intended for manual editing.
version = 4

[[package]]
name = "nuif-api"
version = "0.0.0"
dependencies = [
 "nuif-core",
 "nuif-layout",
 "nuif-protocol",
 "nuif-render",
]

[[package]]
name = "nuif-cli"
version = "0.0.1"
dependencies = [
 "nuif-core",
 "nuif-protocol",
]

[[package]]
name = "nuif-codec"
version = "0.0.0"
dependencies = [
 "nuif-core",
]

[[package]]
name = "nuif-core"
version = "0.0.1"

[[package]]
name = "nuif-layout"
version = "0.0.0"
dependencies = [
 "nuif-core",
]

[[package]]
name = "nuif-protocol"
version = "0.0.1"
dependencies = [
 "nuif-core",
]

[[package]]
name = "nuif-query"
version = "0.0.0"
dependencies = [
 "nuif-core",
]

[[package]]
name = "nuif-render"
version = "0.0.0"
dependencies = [
 "nuif-core",
 "nuif-layout",
]
